
Microsoft Visual Studio Solution File, Format Version 12.00
# Visual Studio Version 17
VisualStudioVersion = 17.3.32901.215
MinimumVisualStudioVersion = 10.0.40219.1
Project("{FAE04EC0-301F-11D3-BF4B-00C04F79EFBC}") = "Новожилов_неделя 2_задание 6", "Новожилов_неделя 2_задание 6\Новожилов_неделя 2_задание 6.csproj", "{CCDC41D3-DEA5-40E1-9A71-76F535E4C906}"
EndProject
Global
	GlobalSection(SolutionConfigurationPlatforms) = preSolution
		Debug|Any CPU = Debug|Any CPU
		Release|Any CPU = Release|Any CPU
	EndGlobalSection
	GlobalSection(ProjectConfigurationPlatforms) = postSolution
		{CCDC41D3-DEA5-40E1-9A71-76F535E4C906}.Debug|Any CPU.ActiveCfg = Debug|Any CPU
		{CCDC41D3-DEA5-40E1-9A71-76F535E4C906}.Debug|Any CPU.Build.0 = Debug|Any CPU
		{CCDC41D3-DEA5-40E1-9A71-76F535E4C906}.Release|Any CPU.ActiveCfg = Release|Any CPU
		{CCDC41D3-DEA5-40E1-9A71-76F535E4C906}.Release|Any CPU.Build.0 = Release|Any CPU
	EndGlobalSection
	GlobalSection(SolutionProperties) = preSolution
		HideSolutionNode = FALSE
	EndGlobalSection
	GlobalSection(ExtensibilityGlobals) = postSolution
		SolutionGuid = {28D28869-53EC-4B75-8633-E262B6A1A0DC}
	EndGlobalSection
EndGlobal
