
Microsoft Visual Studio Solution File, Format Version 12.00
# Visual Studio Version 17
VisualStudioVersion = 17.3.32901.215
MinimumVisualStudioVersion = 10.0.40219.1
Project("{FAE04EC0-301F-11D3-BF4B-00C04F79EFBC}") = "Новожилов_неделя 3_задание 8", "Новожилов_неделя 3_задание 8\Новожилов_неделя 3_задание 8.csproj", "{0986B3A1-8DEB-4F71-928B-60BAC0C9CED3}"
EndProject
Global
	GlobalSection(SolutionConfigurationPlatforms) = preSolution
		Debug|Any CPU = Debug|Any CPU
		Release|Any CPU = Release|Any CPU
	EndGlobalSection
	GlobalSection(ProjectConfigurationPlatforms) = postSolution
		{0986B3A1-8DEB-4F71-928B-60BAC0C9CED3}.Debug|Any CPU.ActiveCfg = Debug|Any CPU
		{0986B3A1-8DEB-4F71-928B-60BAC0C9CED3}.Debug|Any CPU.Build.0 = Debug|Any CPU
		{0986B3A1-8DEB-4F71-928B-60BAC0C9CED3}.Release|Any CPU.ActiveCfg = Release|Any CPU
		{0986B3A1-8DEB-4F71-928B-60BAC0C9CED3}.Release|Any CPU.Build.0 = Release|Any CPU
	EndGlobalSection
	GlobalSection(SolutionProperties) = preSolution
		HideSolutionNode = FALSE
	EndGlobalSection
	GlobalSection(ExtensibilityGlobals) = postSolution
		SolutionGuid = {F8A8CBF1-0300-4548-9E2D-8F45BF7A70D3}
	EndGlobalSection
EndGlobal
